// !$*UTF8*$!
{
	archiveVersion = 1;
	classes = {
	};
	objectVersion = 77;
	objects = {

/* Begin PBXBuildFile section */
		E098D0B12EA0D04E00F2830C /* Assets.xcassets in Resources */ = {isa = PBXBuildFile; fileRef = E098D0A92EA0D04E00F2830C /* Assets.xcassets */; };
		E098D0B22EA0D04E00F2830C /* CodeScanner.xcdatamodeld in Sources */ = {isa = PBXBuildFile; fileRef = E098D0AB2EA0D04E00F2830C /* CodeScanner.xcdatamodeld */; };
		E098D0B32EA0D04E00F2830C /* CodeScannerApp.swift in Sources */ = {isa = PBXBuildFile; fileRef = E098D0AC2EA0D04E00F2830C /* CodeScannerApp.swift */; };
		E098D0B42EA0D04E00F2830C /* ContentView.swift in Sources */ = {isa = PBXBuildFile; fileRef = E098D0AD2EA0D04E00F2830C /* ContentView.swift */; };
		E098D0B52EA0D04E00F2830C /* Persistence.swift in Sources */ = {isa = PBXBuildFile; fileRef = E098D0AE2EA0D04E00F2830C /* Persistence.swift */; };
		E098D0BC2EA0D3C100F2830C /* Coordinator.swift in Sources */ = {isa = PBXBuildFile; fileRef = E098D0BB2EA0D3C100F2830C /* Coordinator.swift */; };
		E098D0C02EA0D5B900F2830C /* TabsView.swift in Sources */ = {isa = PBXBuildFile; fileRef = E098D0BF2EA0D5B900F2830C /* TabsView.swift */; };
		E098D0CC2EA0D83000F2830C /* ListView.swift in Sources */ = {isa = PBXBuildFile; fileRef = E098D0CB2EA0D83000F2830C /* ListView.swift */; };
		E098D0CE2EA0D84D00F2830C /* ListViewModel.swift in Sources */ = {isa = PBXBuildFile; fileRef = E098D0CD2EA0D84D00F2830C /* ListViewModel.swift */; };
		E098D0D02EA0D96E00F2830C /* ScanView.swift in Sources */ = {isa = PBXBuildFile; fileRef = E098D0CF2EA0D96E00F2830C /* ScanView.swift */; };
		E098D0D22EA0D97200F2830C /* ScanViewModel.swift in Sources */ = {isa = PBXBuildFile; fileRef = E098D0D12EA0D97200F2830C /* ScanViewModel.swift */; };
/* End PBXBuildFile section */

/* Begin PBXFileReference section */
		E098D0952EA0CE1C00F2830C /* CodeScanner.app */ = {isa = PBXFileReference; explicitFileType = wrapper.application; includeInIndex = 0; path = CodeScanner.app; sourceTree = BUILT_PRODUCTS_DIR; };
		E098D0A92EA0D04E00F2830C /* Assets.xcassets */ = {isa = PBXFileReference; lastKnownFileType = folder.assetcatalog; path = Assets.xcassets; sourceTree = "<group>"; };
		E098D0AC2EA0D04E00F2830C /* CodeScannerApp.swift */ = {isa = PBXFileReference; lastKnownFileType = sourcecode.swift; path = CodeScannerApp.swift; sourceTree = "<group>"; };
		E098D0AD2EA0D04E00F2830C /* ContentView.swift */ = {isa = PBXFileReference; lastKnownFileType = sourcecode.swift; path = ContentView.swift; sourceTree = "<group>"; };
		E098D0AE2EA0D04E00F2830C /* Persistence.swift */ = {isa = PBXFileReference; lastKnownFileType = sourcecode.swift; path = Persistence.swift; sourceTree = "<group>"; };
		E098D0B02EA0D04E00F2830C /* CodeScanner.xcdatamodel */ = {isa = PBXFileReference; lastKnownFileType = wrapper.xcdatamodel; path = CodeScanner.xcdatamodel; sourceTree = "<group>"; };
		E098D0BB2EA0D3C100F2830C /* Coordinator.swift */ = {isa = PBXFileReference; lastKnownFileType = sourcecode.swift; path = Coordinator.swift; sourceTree = "<group>"; };
		E098D0BF2EA0D5B900F2830C /* TabsView.swift */ = {isa = PBXFileReference; lastKnownFileType = sourcecode.swift; path = TabsView.swift; sourceTree = "<group>"; };
		E098D0CB2EA0D83000F2830C /* ListView.swift */ = {isa = PBXFileReference; lastKnownFileType = sourcecode.swift; path = ListView.swift; sourceTree = "<group>"; };
		E098D0CD2EA0D84D00F2830C /* ListViewModel.swift */ = {isa = PBXFileReference; lastKnownFileType = sourcecode.swift; path = ListViewModel.swift; sourceTree = "<group>"; };
		E098D0CF2EA0D96E00F2830C /* ScanView.swift */ = {isa = PBXFileReference; lastKnownFileType = sourcecode.swift; path = ScanView.swift; sourceTree = "<group>"; };
		E098D0D12EA0D97200F2830C /* ScanViewModel.swift */ = {isa = PBXFileReference; lastKnownFileType = sourcecode.swift; path = ScanViewModel.swift; sourceTree = "<group>"; };
/* End PBXFileReference section */

/* Begin PBXFrameworksBuildPhase section */
		E098D0922EA0CE1C00F2830C /* Frameworks */ = {
			isa = PBXFrameworksBuildPhase;
			buildActionMask = 2147483647;
			files = (
			);
			runOnlyForDeploymentPostprocessing = 0;
		};
/* End PBXFrameworksBuildPhase section */

/* Begin PBXGroup section */
		E098D08C2EA0CE1C00F2830C = {
			isa = PBXGroup;
			children = (
				E098D0AF2EA0D04E00F2830C /* CodeScanner */,
				E098D0962EA0CE1C00F2830C /* Products */,
			);
			sourceTree = "<group>";
		};
		E098D0962EA0CE1C00F2830C /* Products */ = {
			isa = PBXGroup;
			children = (
				E098D0952EA0CE1C00F2830C /* CodeScanner.app */,
			);
			name = Products;
			sourceTree = "<group>";
		};
		E098D0AA2EA0D04E00F2830C /* Resources */ = {
			isa = PBXGroup;
			children = (
				E098D0A92EA0D04E00F2830C /* Assets.xcassets */,
			);
			path = Resources;
			sourceTree = "<group>";
		};
		E098D0AF2EA0D04E00F2830C /* CodeScanner */ = {
			isa = PBXGroup;
			children = (
				E098D0AA2EA0D04E00F2830C /* Resources */,
				E098D0B62EA0D05800F2830C /* App */,
				E098D0B72EA0D05D00F2830C /* Services */,
			);
			path = CodeScanner;
			sourceTree = "<group>";
		};
		E098D0B62EA0D05800F2830C /* App */ = {
			isa = PBXGroup;
			children = (
				E098D0AC2EA0D04E00F2830C /* CodeScannerApp.swift */,
				E098D0AD2EA0D04E00F2830C /* ContentView.swift */,
				E098D0BD2EA0D43600F2830C /* Main */,
				E098D0B92EA0D39100F2830C /* Coordinator */,
			);
			path = App;
			sourceTree = "<group>";
		};
		E098D0B72EA0D05D00F2830C /* Services */ = {
			isa = PBXGroup;
			children = (
				E098D0B82EA0D06F00F2830C /* Data */,
			);
			path = Services;
			sourceTree = "<group>";
		};
		E098D0B82EA0D06F00F2830C /* Data */ = {
			isa = PBXGroup;
			children = (
				E098D0AE2EA0D04E00F2830C /* Persistence.swift */,
				E098D0AB2EA0D04E00F2830C /* CodeScanner.xcdatamodeld */,
			);
			path = Data;
			sourceTree = "<group>";
		};
		E098D0B92EA0D39100F2830C /* Coordinator */ = {
			isa = PBXGroup;
			children = (
				E098D0BB2EA0D3C100F2830C /* Coordinator.swift */,
			);
			path = Coordinator;
			sourceTree = "<group>";
		};
		E098D0BD2EA0D43600F2830C /* Main */ = {
			isa = PBXGroup;
			children = (
				E098D0BE2EA0D5AE00F2830C /* View */,
				E098D0C42EA0D78C00F2830C /* Tabs */,
			);
			path = Main;
			sourceTree = "<group>";
		};
		E098D0BE2EA0D5AE00F2830C /* View */ = {
			isa = PBXGroup;
			children = (
				E098D0BF2EA0D5B900F2830C /* TabsView.swift */,
			);
			path = View;
			sourceTree = "<group>";
		};
		E098D0C42EA0D78C00F2830C /* Tabs */ = {
			isa = PBXGroup;
			children = (
				E098D0C52EA0D7A000F2830C /* List */,
				E098D0C62EA0D7A600F2830C /* Scan */,
			);
			path = Tabs;
			sourceTree = "<group>";
		};
		E098D0C52EA0D7A000F2830C /* List */ = {
			isa = PBXGroup;
			children = (
				E098D0C72EA0D80500F2830C /* View */,
				E098D0C82EA0D80D00F2830C /* ViewModel */,
			);
			path = List;
			sourceTree = "<group>";
		};
		E098D0C62EA0D7A600F2830C /* Scan */ = {
			isa = PBXGroup;
			children = (
				E098D0C92EA0D82000F2830C /* View */,
				E098D0CA2EA0D82000F2830C /* ViewModel */,
			);
			path = Scan;
			sourceTree = "<group>";
		};
		E098D0C72EA0D80500F2830C /* View */ = {
			isa = PBXGroup;
			children = (
				E098D0CB2EA0D83000F2830C /* ListView.swift */,
			);
			path = View;
			sourceTree = "<group>";
		};
		E098D0C82EA0D80D00F2830C /* ViewModel */ = {
			isa = PBXGroup;
			children = (
				E098D0CD2EA0D84D00F2830C /* ListViewModel.swift */,
			);
			path = ViewModel;
			sourceTree = "<group>";
		};
		E098D0C92EA0D82000F2830C /* View */ = {
			isa = PBXGroup;
			children = (
				E098D0CF2EA0D96E00F2830C /* ScanView.swift */,
			);
			path = View;
			sourceTree = "<group>";
		};
		E098D0CA2EA0D82000F2830C /* ViewModel */ = {
			isa = PBXGroup;
			children = (
				E098D0D12EA0D97200F2830C /* ScanViewModel.swift */,
			);
			path = ViewModel;
			sourceTree = "<group>";
		};
/* End PBXGroup section */

/* Begin PBXNativeTarget section */
		E098D0942EA0CE1C00F2830C /* CodeScanner */ = {
			isa = PBXNativeTarget;
			buildConfigurationList = E098D0A52EA0CE1F00F2830C /* Build configuration list for PBXNativeTarget "CodeScanner" */;
			buildPhases = (
				E098D0912EA0CE1C00F2830C /* Sources */,
				E098D0922EA0CE1C00F2830C /* Frameworks */,
				E098D0932EA0CE1C00F2830C /* Resources */,
			);
			buildRules = (
			);
			dependencies = (
			);
			name = CodeScanner;
			packageProductDependencies = (
			);
			productName = CodeScanner;
			productReference = E098D0952EA0CE1C00F2830C /* CodeScanner.app */;
			productType = "com.apple.product-type.application";
		};
/* End PBXNativeTarget section */

/* Begin PBXProject section */
		E098D08D2EA0CE1C00F2830C /* Project object */ = {
			isa = PBXProject;
			attributes = {
				BuildIndependentTargetsInParallel = 1;
				LastSwiftUpdateCheck = 2600;
				LastUpgradeCheck = 2600;
				TargetAttributes = {
					E098D0942EA0CE1C00F2830C = {
						CreatedOnToolsVersion = 26.0.1;
					};
				};
			};
			buildConfigurationList = E098D0902EA0CE1C00F2830C /* Build configuration list for PBXProject "CodeScanner" */;
			developmentRegion = en;
			hasScannedForEncodings = 0;
			knownRegions = (
				en,
				Base,
			);
			mainGroup = E098D08C2EA0CE1C00F2830C;
			minimizedProjectReferenceProxies = 1;
			preferredProjectObjectVersion = 77;
			productRefGroup = E098D0962EA0CE1C00F2830C /* Products */;
			projectDirPath = "";
			projectRoot = "";
			targets = (
				E098D0942EA0CE1C00F2830C /* CodeScanner */,
			);
		};
/* End PBXProject section */

/* Begin PBXResourcesBuildPhase section */
		E098D0932EA0CE1C00F2830C /* Resources */ = {
			isa = PBXResourcesBuildPhase;
			buildActionMask = 2147483647;
			files = (
				E098D0B12EA0D04E00F2830C /* Assets.xcassets in Resources */,
			);
			runOnlyForDeploymentPostprocessing = 0;
		};
/* End PBXResourcesBuildPhase section */

/* Begin PBXSourcesBuildPhase section */
		E098D0912EA0CE1C00F2830C /* Sources */ = {
			isa = PBXSourcesBuildPhase;
			buildActionMask = 2147483647;
			files = (
				E098D0D22EA0D97200F2830C /* ScanViewModel.swift in Sources */,
				E098D0B22EA0D04E00F2830C /* CodeScanner.xcdatamodeld in Sources */,
				E098D0CC2EA0D83000F2830C /* ListView.swift in Sources */,
				E098D0B32EA0D04E00F2830C /* CodeScannerApp.swift in Sources */,
				E098D0BC2EA0D3C100F2830C /* Coordinator.swift in Sources */,
				E098D0C02EA0D5B900F2830C /* TabsView.swift in Sources */,
				E098D0B42EA0D04E00F2830C /* ContentView.swift in Sources */,
				E098D0CE2EA0D84D00F2830C /* ListViewModel.swift in Sources */,
				E098D0B52EA0D04E00F2830C /* Persistence.swift in Sources */,
				E098D0D02EA0D96E00F2830C /* ScanView.swift in Sources */,
			);
			runOnlyForDeploymentPostprocessing = 0;
		};
/* End PBXSourcesBuildPhase section */

/* Begin XCBuildConfiguration section */
		E098D0A32EA0CE1F00F2830C /* Debug */ = {
			isa = XCBuildConfiguration;
			buildSettings = {
				ALWAYS_SEARCH_USER_PATHS = NO;
				ASSETCATALOG_COMPILER_GENERATE_SWIFT_ASSET_SYMBOL_EXTENSIONS = YES;
				CLANG_ANALYZER_NONNULL = YES;
				CLANG_ANALYZER_NUMBER_OBJECT_CONVERSION = YES_AGGRESSIVE;
				CLANG_CXX_LANGUAGE_STANDARD = "gnu++20";
				CLANG_ENABLE_MODULES = YES;
				CLANG_ENABLE_OBJC_ARC = YES;
				CLANG_ENABLE_OBJC_WEAK = YES;
				CLANG_WARN_BLOCK_CAPTURE_AUTORELEASING = YES;
				CLANG_WARN_BOOL_CONVERSION = YES;
				CLANG_WARN_COMMA = YES;
				CLANG_WARN_CONSTANT_CONVERSION = YES;
				CLANG_WARN_DEPRECATED_OBJC_IMPLEMENTATIONS = YES;
				CLANG_WARN_DIRECT_OBJC_ISA_USAGE = YES_ERROR;
				CLANG_WARN_DOCUMENTATION_COMMENTS = YES;
				CLANG_WARN_EMPTY_BODY = YES;
				CLANG_WARN_ENUM_CONVERSION = YES;
				CLANG_WARN_INFINITE_RECURSION = YES;
				CLANG_WARN_INT_CONVERSION = YES;
				CLANG_WARN_NON_LITERAL_NULL_CONVERSION = YES;
				CLANG_WARN_OBJC_IMPLICIT_RETAIN_SELF = YES;
				CLANG_WARN_OBJC_LITERAL_CONVERSION = YES;
				CLANG_WARN_OBJC_ROOT_CLASS = YES_ERROR;
				CLANG_WARN_QUOTED_INCLUDE_IN_FRAMEWORK_HEADER = YES;
				CLANG_WARN_RANGE_LOOP_ANALYSIS = YES;
				CLANG_WARN_STRICT_PROTOTYPES = YES;
				CLANG_WARN_SUSPICIOUS_MOVE = YES;
				CLANG_WARN_UNGUARDED_AVAILABILITY = YES_AGGRESSIVE;
				CLANG_WARN_UNREACHABLE_CODE = YES;
				CLANG_WARN__DUPLICATE_METHOD_MATCH = YES;
				COPY_PHASE_STRIP = NO;
				DEBUG_INFORMATION_FORMAT = dwarf;
				DEVELOPMENT_TEAM = VWW7MQ2767;
				ENABLE_STRICT_OBJC_MSGSEND = YES;
				ENABLE_TESTABILITY = YES;
				ENABLE_USER_SCRIPT_SANDBOXING = YES;
				GCC_C_LANGUAGE_STANDARD = gnu17;
				GCC_DYNAMIC_NO_PIC = NO;
				GCC_NO_COMMON_BLOCKS = YES;
				GCC_OPTIMIZATION_LEVEL = 0;
				GCC_PREPROCESSOR_DEFINITIONS = (
					"DEBUG=1",
					"$(inherited)",
				);
				GCC_WARN_64_TO_32_BIT_CONVERSION = YES;
				GCC_WARN_ABOUT_RETURN_TYPE = YES_ERROR;
				GCC_WARN_UNDECLARED_SELECTOR = YES;
				GCC_WARN_UNINITIALIZED_AUTOS = YES_AGGRESSIVE;
				GCC_WARN_UNUSED_FUNCTION = YES;
				GCC_WARN_UNUSED_VARIABLE = YES;
				IPHONEOS_DEPLOYMENT_TARGET = 26.0;
				LOCALIZATION_PREFERS_STRING_CATALOGS = YES;
				MTL_ENABLE_DEBUG_INFO = INCLUDE_SOURCE;
				MTL_FAST_MATH = YES;
				ONLY_ACTIVE_ARCH = YES;
				SDKROOT = iphoneos;
				SWIFT_ACTIVE_COMPILATION_CONDITIONS = "DEBUG $(inherited)";
				SWIFT_OPTIMIZATION_LEVEL = "-Onone";
			};
			name = Debug;
		};
		E098D0A42EA0CE1F00F2830C /* Release */ = {
			isa = XCBuildConfiguration;
			buildSettings = {
				ALWAYS_SEARCH_USER_PATHS = NO;
				ASSETCATALOG_COMPILER_GENERATE_SWIFT_ASSET_SYMBOL_EXTENSIONS = YES;
				CLANG_ANALYZER_NONNULL = YES;
				CLANG_ANALYZER_NUMBER_OBJECT_CONVERSION = YES_AGGRESSIVE;
				CLANG_CXX_LANGUAGE_STANDARD = "gnu++20";
				CLANG_ENABLE_MODULES = YES;
				CLANG_ENABLE_OBJC_ARC = YES;
				CLANG_ENABLE_OBJC_WEAK = YES;
				CLANG_WARN_BLOCK_CAPTURE_AUTORELEASING = YES;
				CLANG_WARN_BOOL_CONVERSION = YES;
				CLANG_WARN_COMMA = YES;
				CLANG_WARN_CONSTANT_CONVERSION = YES;
				CLANG_WARN_DEPRECATED_OBJC_IMPLEMENTATIONS = YES;
				CLANG_WARN_DIRECT_OBJC_ISA_USAGE = YES_ERROR;
				CLANG_WARN_DOCUMENTATION_COMMENTS = YES;
				CLANG_WARN_EMPTY_BODY = YES;
				CLANG_WARN_ENUM_CONVERSION = YES;
				CLANG_WARN_INFINITE_RECURSION = YES;
				CLANG_WARN_INT_CONVERSION = YES;
				CLANG_WARN_NON_LITERAL_NULL_CONVERSION = YES;
				CLANG_WARN_OBJC_IMPLICIT_RETAIN_SELF = YES;
				CLANG_WARN_OBJC_LITERAL_CONVERSION = YES;
				CLANG_WARN_OBJC_ROOT_CLASS = YES_ERROR;
				CLANG_WARN_QUOTED_INCLUDE_IN_FRAMEWORK_HEADER = YES;
				CLANG_WARN_RANGE_LOOP_ANALYSIS = YES;
				CLANG_WARN_STRICT_PROTOTYPES = YES;
				CLANG_WARN_SUSPICIOUS_MOVE = YES;
				CLANG_WARN_UNGUARDED_AVAILABILITY = YES_AGGRESSIVE;
				CLANG_WARN_UNREACHABLE_CODE = YES;
				CLANG_WARN__DUPLICATE_METHOD_MATCH = YES;
				COPY_PHASE_STRIP = NO;
				DEBUG_INFORMATION_FORMAT = "dwarf-with-dsym";
				DEVELOPMENT_TEAM = VWW7MQ2767;
				ENABLE_NS_ASSERTIONS = NO;
				ENABLE_STRICT_OBJC_MSGSEND = YES;
				ENABLE_USER_SCRIPT_SANDBOXING = YES;
				GCC_C_LANGUAGE_STANDARD = gnu17;
				GCC_NO_COMMON_BLOCKS = YES;
				GCC_WARN_64_TO_32_BIT_CONVERSION = YES;
				GCC_WARN_ABOUT_RETURN_TYPE = YES_ERROR;
				GCC_WARN_UNDECLARED_SELECTOR = YES;
				GCC_WARN_UNINITIALIZED_AUTOS = YES_AGGRESSIVE;
				GCC_WARN_UNUSED_FUNCTION = YES;
				GCC_WARN_UNUSED_VARIABLE = YES;
				IPHONEOS_DEPLOYMENT_TARGET = 26.0;
				LOCALIZATION_PREFERS_STRING_CATALOGS = YES;
				MTL_ENABLE_DEBUG_INFO = NO;
				MTL_FAST_MATH = YES;
				SDKROOT = iphoneos;
				SWIFT_COMPILATION_MODE = wholemodule;
				VALIDATE_PRODUCT = YES;
			};
			name = Release;
		};
		E098D0A62EA0CE1F00F2830C /* Debug */ = {
			isa = XCBuildConfiguration;
			buildSettings = {
				ASSETCATALOG_COMPILER_APPICON_NAME = AppIcon;
				ASSETCATALOG_COMPILER_GLOBAL_ACCENT_COLOR_NAME = AccentColor;
				CODE_SIGN_STYLE = Automatic;
				CURRENT_PROJECT_VERSION = 1;
				DEVELOPMENT_TEAM = VWW7MQ2767;
				ENABLE_PREVIEWS = YES;
				GENERATE_INFOPLIST_FILE = YES;
				INFOPLIST_KEY_UIApplicationSceneManifest_Generation = YES;
				INFOPLIST_KEY_UIApplicationSupportsIndirectInputEvents = YES;
				INFOPLIST_KEY_UILaunchScreen_Generation = YES;
				INFOPLIST_KEY_UISupportedInterfaceOrientations_iPad = "UIInterfaceOrientationPortrait UIInterfaceOrientationPortraitUpsideDown UIInterfaceOrientationLandscapeLeft UIInterfaceOrientationLandscapeRight";
				INFOPLIST_KEY_UISupportedInterfaceOrientations_iPhone = "UIInterfaceOrientationPortrait UIInterfaceOrientationLandscapeLeft UIInterfaceOrientationLandscapeRight";
				LD_RUNPATH_SEARCH_PATHS = (
					"$(inherited)",
					"@executable_path/Frameworks",
				);
				MARKETING_VERSION = 1.0;
				PRODUCT_BUNDLE_IDENTIFIER = com.hutr0.CodeScanner;
				PRODUCT_NAME = "$(TARGET_NAME)";
				STRING_CATALOG_GENERATE_SYMBOLS = YES;
				SWIFT_APPROACHABLE_CONCURRENCY = YES;
				SWIFT_DEFAULT_ACTOR_ISOLATION = MainActor;
				SWIFT_EMIT_LOC_STRINGS = YES;
				SWIFT_UPCOMING_FEATURE_MEMBER_IMPORT_VISIBILITY = YES;
				SWIFT_VERSION = 5.0;
				TARGETED_DEVICE_FAMILY = "1,2";
			};
			name = Debug;
		};
		E098D0A72EA0CE1F00F2830C /* Release */ = {
			isa = XCBuildConfiguration;
			buildSettings = {
				ASSETCATALOG_COMPILER_APPICON_NAME = AppIcon;
				ASSETCATALOG_COMPILER_GLOBAL_ACCENT_COLOR_NAME = AccentColor;
				CODE_SIGN_STYLE = Automatic;
				CURRENT_PROJECT_VERSION = 1;
				DEVELOPMENT_TEAM = VWW7MQ2767;
				ENABLE_PREVIEWS = YES;
				GENERATE_INFOPLIST_FILE = YES;
				INFOPLIST_KEY_UIApplicationSceneManifest_Generation = YES;
				INFOPLIST_KEY_UIApplicationSupportsIndirectInputEvents = YES;
				INFOPLIST_KEY_UILaunchScreen_Generation = YES;
				INFOPLIST_KEY_UISupportedInterfaceOrientations_iPad = "UIInterfaceOrientationPortrait UIInterfaceOrientationPortraitUpsideDown UIInterfaceOrientationLandscapeLeft UIInterfaceOrientationLandscapeRight";
				INFOPLIST_KEY_UISupportedInterfaceOrientations_iPhone = "UIInterfaceOrientationPortrait UIInterfaceOrientationLandscapeLeft UIInterfaceOrientationLandscapeRight";
				LD_RUNPATH_SEARCH_PATHS = (
					"$(inherited)",
					"@executable_path/Frameworks",
				);
				MARKETING_VERSION = 1.0;
				PRODUCT_BUNDLE_IDENTIFIER = com.hutr0.CodeScanner;
				PRODUCT_NAME = "$(TARGET_NAME)";
				STRING_CATALOG_GENERATE_SYMBOLS = YES;
				SWIFT_APPROACHABLE_CONCURRENCY = YES;
				SWIFT_DEFAULT_ACTOR_ISOLATION = MainActor;
				SWIFT_EMIT_LOC_STRINGS = YES;
				SWIFT_UPCOMING_FEATURE_MEMBER_IMPORT_VISIBILITY = YES;
				SWIFT_VERSION = 5.0;
				TARGETED_DEVICE_FAMILY = "1,2";
			};
			name = Release;
		};
/* End XCBuildConfiguration section */

/* Begin XCConfigurationList section */
		E098D0902EA0CE1C00F2830C /* Build configuration list for PBXProject "CodeScanner" */ = {
			isa = XCConfigurationList;
			buildConfigurations = (
				E098D0A32EA0CE1F00F2830C /* Debug */,
				E098D0A42EA0CE1F00F2830C /* Release */,
			);
			defaultConfigurationIsVisible = 0;
			defaultConfigurationName = Release;
		};
		E098D0A52EA0CE1F00F2830C /* Build configuration list for PBXNativeTarget "CodeScanner" */ = {
			isa = XCConfigurationList;
			buildConfigurations = (
				E098D0A62EA0CE1F00F2830C /* Debug */,
				E098D0A72EA0CE1F00F2830C /* Release */,
			);
			defaultConfigurationIsVisible = 0;
			defaultConfigurationName = Release;
		};
/* End XCConfigurationList section */

/* Begin XCVersionGroup section */
		E098D0AB2EA0D04E00F2830C /* CodeScanner.xcdatamodeld */ = {
			isa = XCVersionGroup;
			children = (
				E098D0B02EA0D04E00F2830C /* CodeScanner.xcdatamodel */,
			);
			currentVersion = E098D0B02EA0D04E00F2830C /* CodeScanner.xcdatamodel */;
			path = CodeScanner.xcdatamodeld;
			sourceTree = "<group>";
			versionGroupType = wrapper.xcdatamodel;
		};
/* End XCVersionGroup section */
	};
	rootObject = E098D08D2EA0CE1C00F2830C /* Project object */;
}
