// !$*UTF8*$!
{
	archiveVersion = 1;
	classes = {
	};
	objectVersion = 77;
	objects = {

/* Begin PBXBuildFile section */
		E06C27B82EA1B59B002C15F5 /* ScanDetailViewModel.swift in Sources */ = {isa = PBXBuildFile; fileRef = E06C27B72EA1B59B002C15F5 /* ScanDetailViewModel.swift */; };
		E06C27BA2EA1B6AF002C15F5 /* ScanDetailSkeleton.swift in Sources */ = {isa = PBXBuildFile; fileRef = E06C27B92EA1B6AF002C15F5 /* ScanDetailSkeleton.swift */; };
		E06C27BC2EA1B762002C15F5 /* DoubleExtension.swift in Sources */ = {isa = PBXBuildFile; fileRef = E06C27BB2EA1B762002C15F5 /* DoubleExtension.swift */; };
		E06C27BE2EA1B780002C15F5 /* ArrayExtension.swift in Sources */ = {isa = PBXBuildFile; fileRef = E06C27BD2EA1B780002C15F5 /* ArrayExtension.swift */; };
		E06C27C02EA1BD0F002C15F5 /* ScanDetailMinimal.swift in Sources */ = {isa = PBXBuildFile; fileRef = E06C27BF2EA1BD0F002C15F5 /* ScanDetailMinimal.swift */; };
		E06C27C22EA1BD5B002C15F5 /* ScanDetailKPI.swift in Sources */ = {isa = PBXBuildFile; fileRef = E06C27C12EA1BD5B002C15F5 /* ScanDetailKPI.swift */; };
		E06C27C42EA1BD5D002C15F5 /* ScanDetailKPICards.swift in Sources */ = {isa = PBXBuildFile; fileRef = E06C27C32EA1BD5D002C15F5 /* ScanDetailKPICards.swift */; };
		E06C27C62EA1BDCC002C15F5 /* ScanDetailSimpleTextSection.swift in Sources */ = {isa = PBXBuildFile; fileRef = E06C27C52EA1BDCC002C15F5 /* ScanDetailSimpleTextSection.swift */; };
		E06C27C82EA1BF77002C15F5 /* ScanDetailContent.swift in Sources */ = {isa = PBXBuildFile; fileRef = E06C27C72EA1BF77002C15F5 /* ScanDetailContent.swift */; };
		E06C27CA2EA1BFA3002C15F5 /* ScanDetailContentHeader.swift in Sources */ = {isa = PBXBuildFile; fileRef = E06C27C92EA1BFA3002C15F5 /* ScanDetailContentHeader.swift */; };
		E06C27CC2EA1BFE3002C15F5 /* ScanDetailContentHeaderImageCarousel.swift in Sources */ = {isa = PBXBuildFile; fileRef = E06C27CB2EA1BFE3002C15F5 /* ScanDetailContentHeaderImageCarousel.swift */; };
		E06C27CE2EA1C028002C15F5 /* ScanDetailContentNutrimentsSection.swift in Sources */ = {isa = PBXBuildFile; fileRef = E06C27CD2EA1C028002C15F5 /* ScanDetailContentNutrimentsSection.swift */; };
		E06C27D02EA1C071002C15F5 /* ScanDetailContentTechnicalSection.swift in Sources */ = {isa = PBXBuildFile; fileRef = E06C27CF2EA1C071002C15F5 /* ScanDetailContentTechnicalSection.swift */; };
		E06C27D22EA1C0D2002C15F5 /* ScanDetailContentExpandableTextSection.swift in Sources */ = {isa = PBXBuildFile; fileRef = E06C27D12EA1C0D2002C15F5 /* ScanDetailContentExpandableTextSection.swift */; };
		E06C27D42EA1C106002C15F5 /* ScanDetailContentTaxonomySection.swift in Sources */ = {isa = PBXBuildFile; fileRef = E06C27D32EA1C106002C15F5 /* ScanDetailContentTaxonomySection.swift */; };
		E087F2A52EA1793A002F5C8B /* ScanEntityExtension.swift in Sources */ = {isa = PBXBuildFile; fileRef = E087F2A42EA1793A002F5C8B /* ScanEntityExtension.swift */; };
		E087F2A72EA17958002F5C8B /* ScanDTO.swift in Sources */ = {isa = PBXBuildFile; fileRef = E087F2A62EA17958002F5C8B /* ScanDTO.swift */; };
		E087F2A92EA17D6C002F5C8B /* ScannerResult.swift in Sources */ = {isa = PBXBuildFile; fileRef = E087F2A82EA17D6C002F5C8B /* ScannerResult.swift */; };
		E087F2AB2EA18335002F5C8B /* ScanCell.swift in Sources */ = {isa = PBXBuildFile; fileRef = E087F2AA2EA18335002F5C8B /* ScanCell.swift */; };
		E087F2AE2EA185F9002F5C8B /* ScanCellSkeleton.swift in Sources */ = {isa = PBXBuildFile; fileRef = E087F2AD2EA185F9002F5C8B /* ScanCellSkeleton.swift */; };
		E087F2B12EA1863A002F5C8B /* DateExtension.swift in Sources */ = {isa = PBXBuildFile; fileRef = E087F2B02EA1863A002F5C8B /* DateExtension.swift */; };
		E087F2B32EA186D7002F5C8B /* ScanCellIcon.swift in Sources */ = {isa = PBXBuildFile; fileRef = E087F2B22EA186D7002F5C8B /* ScanCellIcon.swift */; };
		E087F2B52EA18851002F5C8B /* TypeBadge.swift in Sources */ = {isa = PBXBuildFile; fileRef = E087F2B42EA18851002F5C8B /* TypeBadge.swift */; };
		E087F2B72EA1886D002F5C8B /* NutriScorePill.swift in Sources */ = {isa = PBXBuildFile; fileRef = E087F2B62EA1886D002F5C8B /* NutriScorePill.swift */; };
		E087F2B92EA18891002F5C8B /* NovaPill.swift in Sources */ = {isa = PBXBuildFile; fileRef = E087F2B82EA18891002F5C8B /* NovaPill.swift */; };
		E098D0B12EA0D04E00F2830C /* Assets.xcassets in Resources */ = {isa = PBXBuildFile; fileRef = E098D0A92EA0D04E00F2830C /* Assets.xcassets */; };
		E098D0B32EA0D04E00F2830C /* CodeScannerApp.swift in Sources */ = {isa = PBXBuildFile; fileRef = E098D0AC2EA0D04E00F2830C /* CodeScannerApp.swift */; };
		E098D0B52EA0D04E00F2830C /* Persistence.swift in Sources */ = {isa = PBXBuildFile; fileRef = E098D0AE2EA0D04E00F2830C /* Persistence.swift */; };
		E098D0C02EA0D5B900F2830C /* TabsView.swift in Sources */ = {isa = PBXBuildFile; fileRef = E098D0BF2EA0D5B900F2830C /* TabsView.swift */; };
		E098D0CC2EA0D83000F2830C /* ListView.swift in Sources */ = {isa = PBXBuildFile; fileRef = E098D0CB2EA0D83000F2830C /* ListView.swift */; };
		E098D0CE2EA0D84D00F2830C /* ListViewModel.swift in Sources */ = {isa = PBXBuildFile; fileRef = E098D0CD2EA0D84D00F2830C /* ListViewModel.swift */; };
		E098D0D02EA0D96E00F2830C /* ScanView.swift in Sources */ = {isa = PBXBuildFile; fileRef = E098D0CF2EA0D96E00F2830C /* ScanView.swift */; };
		E098D0D22EA0D97200F2830C /* ScanViewModel.swift in Sources */ = {isa = PBXBuildFile; fileRef = E098D0D12EA0D97200F2830C /* ScanViewModel.swift */; };
		E098D0D92EA0DE9E00F2830C /* ScannerController.swift in Sources */ = {isa = PBXBuildFile; fileRef = E098D0D82EA0DE9E00F2830C /* ScannerController.swift */; };
		E098D0DC2EA0DEF200F2830C /* ScannerError.swift in Sources */ = {isa = PBXBuildFile; fileRef = E098D0DB2EA0DEF200F2830C /* ScannerError.swift */; };
		E098D0E12EA0E0DF00F2830C /* ScannerViewModel.swift in Sources */ = {isa = PBXBuildFile; fileRef = E098D0E02EA0E0DF00F2830C /* ScannerViewModel.swift */; };
		E098D0E32EA0E10300F2830C /* CameraPreview.swift in Sources */ = {isa = PBXBuildFile; fileRef = E098D0E22EA0E10300F2830C /* CameraPreview.swift */; };
		E098D0E52EA0E11E00F2830C /* ScannerView.swift in Sources */ = {isa = PBXBuildFile; fileRef = E098D0E42EA0E11E00F2830C /* ScannerView.swift */; };
		E098D0E72EA0FF3400F2830C /* AppIcon.icon in Resources */ = {isa = PBXBuildFile; fileRef = E098D0E62EA0FF3400F2830C /* AppIcon.icon */; };
		E098D0E92EA11CD600F2830C /* OFFNetworkManager.swift in Sources */ = {isa = PBXBuildFile; fileRef = E098D0E82EA11CD600F2830C /* OFFNetworkManager.swift */; };
		E098D0EC2EA1308300F2830C /* OFFProductDTO.swift in Sources */ = {isa = PBXBuildFile; fileRef = E098D0EB2EA1308300F2830C /* OFFProductDTO.swift */; };
		E098D0EE2EA1309400F2830C /* NutrimentsDTO.swift in Sources */ = {isa = PBXBuildFile; fileRef = E098D0ED2EA1309400F2830C /* NutrimentsDTO.swift */; };
		E098D0F32EA131E900F2830C /* OFFError.swift in Sources */ = {isa = PBXBuildFile; fileRef = E098D0F22EA131E900F2830C /* OFFError.swift */; };
		E098D0FF2EA1350800F2830C /* ScanDetail.swift in Sources */ = {isa = PBXBuildFile; fileRef = E098D0FE2EA1350800F2830C /* ScanDetail.swift */; };
		E098D1102EA14F8400F2830C /* CodeScanner.xcdatamodeld in Sources */ = {isa = PBXBuildFile; fileRef = E098D10E2EA14F8400F2830C /* CodeScanner.xcdatamodeld */; };
		E098D1122EA1550600F2830C /* ProductEntityExtension.swift in Sources */ = {isa = PBXBuildFile; fileRef = E098D1112EA1550600F2830C /* ProductEntityExtension.swift */; };
		E098D1152EA1553000F2830C /* NutrimentsEntityExtension.swift in Sources */ = {isa = PBXBuildFile; fileRef = E098D1142EA1553000F2830C /* NutrimentsEntityExtension.swift */; };
/* End PBXBuildFile section */

/* Begin PBXFileReference section */
		E06C27B72EA1B59B002C15F5 /* ScanDetailViewModel.swift */ = {isa = PBXFileReference; lastKnownFileType = sourcecode.swift; path = ScanDetailViewModel.swift; sourceTree = "<group>"; };
		E06C27B92EA1B6AF002C15F5 /* ScanDetailSkeleton.swift */ = {isa = PBXFileReference; lastKnownFileType = sourcecode.swift; path = ScanDetailSkeleton.swift; sourceTree = "<group>"; };
		E06C27BB2EA1B762002C15F5 /* DoubleExtension.swift */ = {isa = PBXFileReference; lastKnownFileType = sourcecode.swift; path = DoubleExtension.swift; sourceTree = "<group>"; };
		E06C27BD2EA1B780002C15F5 /* ArrayExtension.swift */ = {isa = PBXFileReference; lastKnownFileType = sourcecode.swift; path = ArrayExtension.swift; sourceTree = "<group>"; };
		E06C27BF2EA1BD0F002C15F5 /* ScanDetailMinimal.swift */ = {isa = PBXFileReference; lastKnownFileType = sourcecode.swift; path = ScanDetailMinimal.swift; sourceTree = "<group>"; };
		E06C27C12EA1BD5B002C15F5 /* ScanDetailKPI.swift */ = {isa = PBXFileReference; lastKnownFileType = sourcecode.swift; path = ScanDetailKPI.swift; sourceTree = "<group>"; };
		E06C27C32EA1BD5D002C15F5 /* ScanDetailKPICards.swift */ = {isa = PBXFileReference; lastKnownFileType = sourcecode.swift; path = ScanDetailKPICards.swift; sourceTree = "<group>"; };
		E06C27C52EA1BDCC002C15F5 /* ScanDetailSimpleTextSection.swift */ = {isa = PBXFileReference; lastKnownFileType = sourcecode.swift; path = ScanDetailSimpleTextSection.swift; sourceTree = "<group>"; };
		E06C27C72EA1BF77002C15F5 /* ScanDetailContent.swift */ = {isa = PBXFileReference; lastKnownFileType = sourcecode.swift; path = ScanDetailContent.swift; sourceTree = "<group>"; };
		E06C27C92EA1BFA3002C15F5 /* ScanDetailContentHeader.swift */ = {isa = PBXFileReference; lastKnownFileType = sourcecode.swift; path = ScanDetailContentHeader.swift; sourceTree = "<group>"; };
		E06C27CB2EA1BFE3002C15F5 /* ScanDetailContentHeaderImageCarousel.swift */ = {isa = PBXFileReference; lastKnownFileType = sourcecode.swift; path = ScanDetailContentHeaderImageCarousel.swift; sourceTree = "<group>"; };
		E06C27CD2EA1C028002C15F5 /* ScanDetailContentNutrimentsSection.swift */ = {isa = PBXFileReference; lastKnownFileType = sourcecode.swift; path = ScanDetailContentNutrimentsSection.swift; sourceTree = "<group>"; };
		E06C27CF2EA1C071002C15F5 /* ScanDetailContentTechnicalSection.swift */ = {isa = PBXFileReference; lastKnownFileType = sourcecode.swift; path = ScanDetailContentTechnicalSection.swift; sourceTree = "<group>"; };
		E06C27D12EA1C0D2002C15F5 /* ScanDetailContentExpandableTextSection.swift */ = {isa = PBXFileReference; lastKnownFileType = sourcecode.swift; path = ScanDetailContentExpandableTextSection.swift; sourceTree = "<group>"; };
		E06C27D32EA1C106002C15F5 /* ScanDetailContentTaxonomySection.swift */ = {isa = PBXFileReference; lastKnownFileType = sourcecode.swift; path = ScanDetailContentTaxonomySection.swift; sourceTree = "<group>"; };
		E087F2A42EA1793A002F5C8B /* ScanEntityExtension.swift */ = {isa = PBXFileReference; lastKnownFileType = sourcecode.swift; path = ScanEntityExtension.swift; sourceTree = "<group>"; };
		E087F2A62EA17958002F5C8B /* ScanDTO.swift */ = {isa = PBXFileReference; lastKnownFileType = sourcecode.swift; path = ScanDTO.swift; sourceTree = "<group>"; };
		E087F2A82EA17D6C002F5C8B /* ScannerResult.swift */ = {isa = PBXFileReference; lastKnownFileType = sourcecode.swift; path = ScannerResult.swift; sourceTree = "<group>"; };
		E087F2AA2EA18335002F5C8B /* ScanCell.swift */ = {isa = PBXFileReference; lastKnownFileType = sourcecode.swift; path = ScanCell.swift; sourceTree = "<group>"; };
		E087F2AD2EA185F9002F5C8B /* ScanCellSkeleton.swift */ = {isa = PBXFileReference; lastKnownFileType = sourcecode.swift; path = ScanCellSkeleton.swift; sourceTree = "<group>"; };
		E087F2B02EA1863A002F5C8B /* DateExtension.swift */ = {isa = PBXFileReference; lastKnownFileType = sourcecode.swift; path = DateExtension.swift; sourceTree = "<group>"; };
		E087F2B22EA186D7002F5C8B /* ScanCellIcon.swift */ = {isa = PBXFileReference; lastKnownFileType = sourcecode.swift; path = ScanCellIcon.swift; sourceTree = "<group>"; };
		E087F2B42EA18851002F5C8B /* TypeBadge.swift */ = {isa = PBXFileReference; lastKnownFileType = sourcecode.swift; path = TypeBadge.swift; sourceTree = "<group>"; };
		E087F2B62EA1886D002F5C8B /* NutriScorePill.swift */ = {isa = PBXFileReference; lastKnownFileType = sourcecode.swift; path = NutriScorePill.swift; sourceTree = "<group>"; };
		E087F2B82EA18891002F5C8B /* NovaPill.swift */ = {isa = PBXFileReference; lastKnownFileType = sourcecode.swift; path = NovaPill.swift; sourceTree = "<group>"; };
		E098D0952EA0CE1C00F2830C /* CodeScanner.app */ = {isa = PBXFileReference; explicitFileType = wrapper.application; includeInIndex = 0; path = CodeScanner.app; sourceTree = BUILT_PRODUCTS_DIR; };
		E098D0A92EA0D04E00F2830C /* Assets.xcassets */ = {isa = PBXFileReference; lastKnownFileType = folder.assetcatalog; path = Assets.xcassets; sourceTree = "<group>"; };
		E098D0AC2EA0D04E00F2830C /* CodeScannerApp.swift */ = {isa = PBXFileReference; lastKnownFileType = sourcecode.swift; path = CodeScannerApp.swift; sourceTree = "<group>"; };
		E098D0AE2EA0D04E00F2830C /* Persistence.swift */ = {isa = PBXFileReference; lastKnownFileType = sourcecode.swift; path = Persistence.swift; sourceTree = "<group>"; };
		E098D0BF2EA0D5B900F2830C /* TabsView.swift */ = {isa = PBXFileReference; lastKnownFileType = sourcecode.swift; path = TabsView.swift; sourceTree = "<group>"; };
		E098D0CB2EA0D83000F2830C /* ListView.swift */ = {isa = PBXFileReference; lastKnownFileType = sourcecode.swift; path = ListView.swift; sourceTree = "<group>"; };
		E098D0CD2EA0D84D00F2830C /* ListViewModel.swift */ = {isa = PBXFileReference; lastKnownFileType = sourcecode.swift; path = ListViewModel.swift; sourceTree = "<group>"; };
		E098D0CF2EA0D96E00F2830C /* ScanView.swift */ = {isa = PBXFileReference; lastKnownFileType = sourcecode.swift; path = ScanView.swift; sourceTree = "<group>"; };
		E098D0D12EA0D97200F2830C /* ScanViewModel.swift */ = {isa = PBXFileReference; lastKnownFileType = sourcecode.swift; path = ScanViewModel.swift; sourceTree = "<group>"; };
		E098D0D82EA0DE9E00F2830C /* ScannerController.swift */ = {isa = PBXFileReference; lastKnownFileType = sourcecode.swift; path = ScannerController.swift; sourceTree = "<group>"; };
		E098D0DB2EA0DEF200F2830C /* ScannerError.swift */ = {isa = PBXFileReference; lastKnownFileType = sourcecode.swift; path = ScannerError.swift; sourceTree = "<group>"; };
		E098D0E02EA0E0DF00F2830C /* ScannerViewModel.swift */ = {isa = PBXFileReference; lastKnownFileType = sourcecode.swift; path = ScannerViewModel.swift; sourceTree = "<group>"; };
		E098D0E22EA0E10300F2830C /* CameraPreview.swift */ = {isa = PBXFileReference; lastKnownFileType = sourcecode.swift; path = CameraPreview.swift; sourceTree = "<group>"; };
		E098D0E42EA0E11E00F2830C /* ScannerView.swift */ = {isa = PBXFileReference; lastKnownFileType = sourcecode.swift; path = ScannerView.swift; sourceTree = "<group>"; };
		E098D0E62EA0FF3400F2830C /* AppIcon.icon */ = {isa = PBXFileReference; lastKnownFileType = folder.iconcomposer.icon; path = AppIcon.icon; sourceTree = "<group>"; };
		E098D0E82EA11CD600F2830C /* OFFNetworkManager.swift */ = {isa = PBXFileReference; lastKnownFileType = sourcecode.swift; path = OFFNetworkManager.swift; sourceTree = "<group>"; };
		E098D0EB2EA1308300F2830C /* OFFProductDTO.swift */ = {isa = PBXFileReference; lastKnownFileType = sourcecode.swift; path = OFFProductDTO.swift; sourceTree = "<group>"; };
		E098D0ED2EA1309400F2830C /* NutrimentsDTO.swift */ = {isa = PBXFileReference; lastKnownFileType = sourcecode.swift; path = NutrimentsDTO.swift; sourceTree = "<group>"; };
		E098D0F22EA131E900F2830C /* OFFError.swift */ = {isa = PBXFileReference; lastKnownFileType = sourcecode.swift; path = OFFError.swift; sourceTree = "<group>"; };
		E098D0FE2EA1350800F2830C /* ScanDetail.swift */ = {isa = PBXFileReference; lastKnownFileType = sourcecode.swift; path = ScanDetail.swift; sourceTree = "<group>"; };
		E098D10F2EA14F8400F2830C /* CodeScanner.xcdatamodel */ = {isa = PBXFileReference; lastKnownFileType = wrapper.xcdatamodel; path = CodeScanner.xcdatamodel; sourceTree = "<group>"; };
		E098D1112EA1550600F2830C /* ProductEntityExtension.swift */ = {isa = PBXFileReference; lastKnownFileType = sourcecode.swift; path = ProductEntityExtension.swift; sourceTree = "<group>"; };
		E098D1142EA1553000F2830C /* NutrimentsEntityExtension.swift */ = {isa = PBXFileReference; lastKnownFileType = sourcecode.swift; path = NutrimentsEntityExtension.swift; sourceTree = "<group>"; };
/* End PBXFileReference section */

/* Begin PBXFrameworksBuildPhase section */
		E098D0922EA0CE1C00F2830C /* Frameworks */ = {
			isa = PBXFrameworksBuildPhase;
			buildActionMask = 2147483647;
			files = (
			);
			runOnlyForDeploymentPostprocessing = 0;
		};
/* End PBXFrameworksBuildPhase section */

/* Begin PBXGroup section */
		E06C27D52EA1C18C002C15F5 /* Skeleton */ = {
			isa = PBXGroup;
			children = (
				E06C27B92EA1B6AF002C15F5 /* ScanDetailSkeleton.swift */,
			);
			path = Skeleton;
			sourceTree = "<group>";
		};
		E06C27D62EA1C18F002C15F5 /* Minimal */ = {
			isa = PBXGroup;
			children = (
				E06C27BF2EA1BD0F002C15F5 /* ScanDetailMinimal.swift */,
			);
			path = Minimal;
			sourceTree = "<group>";
		};
		E06C27D72EA1C190002C15F5 /* Content */ = {
			isa = PBXGroup;
			children = (
				E06C27C72EA1BF77002C15F5 /* ScanDetailContent.swift */,
				E06C27C92EA1BFA3002C15F5 /* ScanDetailContentHeader.swift */,
				E06C27D32EA1C106002C15F5 /* ScanDetailContentTaxonomySection.swift */,
				E06C27D12EA1C0D2002C15F5 /* ScanDetailContentExpandableTextSection.swift */,
				E06C27CF2EA1C071002C15F5 /* ScanDetailContentTechnicalSection.swift */,
				E06C27CD2EA1C028002C15F5 /* ScanDetailContentNutrimentsSection.swift */,
				E06C27CB2EA1BFE3002C15F5 /* ScanDetailContentHeaderImageCarousel.swift */,
			);
			path = Content;
			sourceTree = "<group>";
		};
		E06C27D92EA1C1B8002C15F5 /* Default */ = {
			isa = PBXGroup;
			children = (
				E06C27C12EA1BD5B002C15F5 /* ScanDetailKPI.swift */,
				E06C27C32EA1BD5D002C15F5 /* ScanDetailKPICards.swift */,
				E06C27C52EA1BDCC002C15F5 /* ScanDetailSimpleTextSection.swift */,
			);
			path = Default;
			sourceTree = "<group>";
		};
		E087F2AC2EA185E2002F5C8B /* Cell */ = {
			isa = PBXGroup;
			children = (
				E087F2AA2EA18335002F5C8B /* ScanCell.swift */,
				E087F2AD2EA185F9002F5C8B /* ScanCellSkeleton.swift */,
				E087F2B22EA186D7002F5C8B /* ScanCellIcon.swift */,
				E087F2B42EA18851002F5C8B /* TypeBadge.swift */,
				E087F2B62EA1886D002F5C8B /* NutriScorePill.swift */,
				E087F2B82EA18891002F5C8B /* NovaPill.swift */,
			);
			path = Cell;
			sourceTree = "<group>";
		};
		E087F2AF2EA1862D002F5C8B /* Extensions */ = {
			isa = PBXGroup;
			children = (
				E087F2B02EA1863A002F5C8B /* DateExtension.swift */,
				E06C27BB2EA1B762002C15F5 /* DoubleExtension.swift */,
				E06C27BD2EA1B780002C15F5 /* ArrayExtension.swift */,
			);
			path = Extensions;
			sourceTree = "<group>";
		};
		E098D08C2EA0CE1C00F2830C = {
			isa = PBXGroup;
			children = (
				E098D0AF2EA0D04E00F2830C /* CodeScanner */,
				E098D0962EA0CE1C00F2830C /* Products */,
			);
			sourceTree = "<group>";
		};
		E098D0962EA0CE1C00F2830C /* Products */ = {
			isa = PBXGroup;
			children = (
				E098D0952EA0CE1C00F2830C /* CodeScanner.app */,
			);
			name = Products;
			sourceTree = "<group>";
		};
		E098D0AA2EA0D04E00F2830C /* Resources */ = {
			isa = PBXGroup;
			children = (
				E098D0E62EA0FF3400F2830C /* AppIcon.icon */,
				E098D0A92EA0D04E00F2830C /* Assets.xcassets */,
			);
			path = Resources;
			sourceTree = "<group>";
		};
		E098D0AF2EA0D04E00F2830C /* CodeScanner */ = {
			isa = PBXGroup;
			children = (
				E098D0AA2EA0D04E00F2830C /* Resources */,
				E098D0B62EA0D05800F2830C /* App */,
				E098D0B72EA0D05D00F2830C /* Services */,
			);
			path = CodeScanner;
			sourceTree = "<group>";
		};
		E098D0B62EA0D05800F2830C /* App */ = {
			isa = PBXGroup;
			children = (
				E098D0AC2EA0D04E00F2830C /* CodeScannerApp.swift */,
				E098D0BD2EA0D43600F2830C /* Main */,
			);
			path = App;
			sourceTree = "<group>";
		};
		E098D0B72EA0D05D00F2830C /* Services */ = {
			isa = PBXGroup;
			children = (
				E087F2AF2EA1862D002F5C8B /* Extensions */,
				E098D0D62EA0DE8000F2830C /* Managers */,
				E098D0B82EA0D06F00F2830C /* Data */,
			);
			path = Services;
			sourceTree = "<group>";
		};
		E098D0B82EA0D06F00F2830C /* Data */ = {
			isa = PBXGroup;
			children = (
				E098D1132EA1550D00F2830C /* EntityExtensions */,
				E098D0AE2EA0D04E00F2830C /* Persistence.swift */,
				E098D10E2EA14F8400F2830C /* CodeScanner.xcdatamodeld */,
			);
			path = Data;
			sourceTree = "<group>";
		};
		E098D0BD2EA0D43600F2830C /* Main */ = {
			isa = PBXGroup;
			children = (
				E098D0BE2EA0D5AE00F2830C /* View */,
				E098D0FB2EA134E200F2830C /* Views */,
				E098D0C42EA0D78C00F2830C /* Tabs */,
			);
			path = Main;
			sourceTree = "<group>";
		};
		E098D0BE2EA0D5AE00F2830C /* View */ = {
			isa = PBXGroup;
			children = (
				E098D0BF2EA0D5B900F2830C /* TabsView.swift */,
			);
			path = View;
			sourceTree = "<group>";
		};
		E098D0C42EA0D78C00F2830C /* Tabs */ = {
			isa = PBXGroup;
			children = (
				E098D0C52EA0D7A000F2830C /* List */,
				E098D0C62EA0D7A600F2830C /* Scan */,
			);
			path = Tabs;
			sourceTree = "<group>";
		};
		E098D0C52EA0D7A000F2830C /* List */ = {
			isa = PBXGroup;
			children = (
				E098D0C72EA0D80500F2830C /* View */,
				E098D0C82EA0D80D00F2830C /* ViewModel */,
			);
			path = List;
			sourceTree = "<group>";
		};
		E098D0C62EA0D7A600F2830C /* Scan */ = {
			isa = PBXGroup;
			children = (
				E098D0C92EA0D82000F2830C /* View */,
				E098D0CA2EA0D82000F2830C /* ViewModel */,
			);
			path = Scan;
			sourceTree = "<group>";
		};
		E098D0C72EA0D80500F2830C /* View */ = {
			isa = PBXGroup;
			children = (
				E098D0CB2EA0D83000F2830C /* ListView.swift */,
				E087F2AC2EA185E2002F5C8B /* Cell */,
			);
			path = View;
			sourceTree = "<group>";
		};
		E098D0C82EA0D80D00F2830C /* ViewModel */ = {
			isa = PBXGroup;
			children = (
				E098D0CD2EA0D84D00F2830C /* ListViewModel.swift */,
			);
			path = ViewModel;
			sourceTree = "<group>";
		};
		E098D0C92EA0D82000F2830C /* View */ = {
			isa = PBXGroup;
			children = (
				E098D0CF2EA0D96E00F2830C /* ScanView.swift */,
			);
			path = View;
			sourceTree = "<group>";
		};
		E098D0CA2EA0D82000F2830C /* ViewModel */ = {
			isa = PBXGroup;
			children = (
				E098D0D12EA0D97200F2830C /* ScanViewModel.swift */,
			);
			path = ViewModel;
			sourceTree = "<group>";
		};
		E098D0D62EA0DE8000F2830C /* Managers */ = {
			isa = PBXGroup;
			children = (
				E098D0E82EA11CD600F2830C /* OFFNetworkManager.swift */,
				E098D0EA2EA1304600F2830C /* Model */,
				E098D0D72EA0DE8B00F2830C /* Scanner */,
			);
			path = Managers;
			sourceTree = "<group>";
		};
		E098D0D72EA0DE8B00F2830C /* Scanner */ = {
			isa = PBXGroup;
			children = (
				E098D0DA2EA0DEE800F2830C /* Model */,
				E098D0DE2EA0E0B100F2830C /* ViewModel */,
				E098D0DD2EA0E0AC00F2830C /* View */,
			);
			path = Scanner;
			sourceTree = "<group>";
		};
		E098D0DA2EA0DEE800F2830C /* Model */ = {
			isa = PBXGroup;
			children = (
				E098D0DB2EA0DEF200F2830C /* ScannerError.swift */,
				E087F2A82EA17D6C002F5C8B /* ScannerResult.swift */,
			);
			path = Model;
			sourceTree = "<group>";
		};
		E098D0DD2EA0E0AC00F2830C /* View */ = {
			isa = PBXGroup;
			children = (
				E098D0E22EA0E10300F2830C /* CameraPreview.swift */,
				E098D0E42EA0E11E00F2830C /* ScannerView.swift */,
			);
			path = View;
			sourceTree = "<group>";
		};
		E098D0DE2EA0E0B100F2830C /* ViewModel */ = {
			isa = PBXGroup;
			children = (
				E098D0D82EA0DE9E00F2830C /* ScannerController.swift */,
				E098D0E02EA0E0DF00F2830C /* ScannerViewModel.swift */,
			);
			path = ViewModel;
			sourceTree = "<group>";
		};
		E098D0EA2EA1304600F2830C /* Model */ = {
			isa = PBXGroup;
			children = (
				E098D0F22EA131E900F2830C /* OFFError.swift */,
				E098D0F42EA131EF00F2830C /* DTO */,
			);
			path = Model;
			sourceTree = "<group>";
		};
		E098D0F42EA131EF00F2830C /* DTO */ = {
			isa = PBXGroup;
			children = (
				E098D0EB2EA1308300F2830C /* OFFProductDTO.swift */,
				E098D0ED2EA1309400F2830C /* NutrimentsDTO.swift */,
				E087F2A62EA17958002F5C8B /* ScanDTO.swift */,
			);
			path = DTO;
			sourceTree = "<group>";
		};
		E098D0FA2EA134CD00F2830C /* ScanDetail */ = {
			isa = PBXGroup;
			children = (
				E098D0FC2EA134F600F2830C /* View */,
				E098D0FD2EA134FA00F2830C /* ViewModel */,
			);
			path = ScanDetail;
			sourceTree = "<group>";
		};
		E098D0FB2EA134E200F2830C /* Views */ = {
			isa = PBXGroup;
			children = (
				E098D0FA2EA134CD00F2830C /* ScanDetail */,
			);
			path = Views;
			sourceTree = "<group>";
		};
		E098D0FC2EA134F600F2830C /* View */ = {
			isa = PBXGroup;
			children = (
				E098D0FE2EA1350800F2830C /* ScanDetail.swift */,
				E06C27D92EA1C1B8002C15F5 /* Default */,
				E06C27D52EA1C18C002C15F5 /* Skeleton */,
				E06C27D62EA1C18F002C15F5 /* Minimal */,
				E06C27D72EA1C190002C15F5 /* Content */,
			);
			path = View;
			sourceTree = "<group>";
		};
		E098D0FD2EA134FA00F2830C /* ViewModel */ = {
			isa = PBXGroup;
			children = (
				E06C27B72EA1B59B002C15F5 /* ScanDetailViewModel.swift */,
			);
			path = ViewModel;
			sourceTree = "<group>";
		};
		E098D1132EA1550D00F2830C /* EntityExtensions */ = {
			isa = PBXGroup;
			children = (
				E087F2A42EA1793A002F5C8B /* ScanEntityExtension.swift */,
				E098D1112EA1550600F2830C /* ProductEntityExtension.swift */,
				E098D1142EA1553000F2830C /* NutrimentsEntityExtension.swift */,
			);
			path = EntityExtensions;
			sourceTree = "<group>";
		};
/* End PBXGroup section */

/* Begin PBXNativeTarget section */
		E098D0942EA0CE1C00F2830C /* CodeScanner */ = {
			isa = PBXNativeTarget;
			buildConfigurationList = E098D0A52EA0CE1F00F2830C /* Build configuration list for PBXNativeTarget "CodeScanner" */;
			buildPhases = (
				E098D0912EA0CE1C00F2830C /* Sources */,
				E098D0922EA0CE1C00F2830C /* Frameworks */,
				E098D0932EA0CE1C00F2830C /* Resources */,
			);
			buildRules = (
			);
			dependencies = (
			);
			name = CodeScanner;
			packageProductDependencies = (
			);
			productName = CodeScanner;
			productReference = E098D0952EA0CE1C00F2830C /* CodeScanner.app */;
			productType = "com.apple.product-type.application";
		};
/* End PBXNativeTarget section */

/* Begin PBXProject section */
		E098D08D2EA0CE1C00F2830C /* Project object */ = {
			isa = PBXProject;
			attributes = {
				BuildIndependentTargetsInParallel = 1;
				LastSwiftUpdateCheck = 2600;
				LastUpgradeCheck = 2600;
				TargetAttributes = {
					E098D0942EA0CE1C00F2830C = {
						CreatedOnToolsVersion = 26.0.1;
					};
				};
			};
			buildConfigurationList = E098D0902EA0CE1C00F2830C /* Build configuration list for PBXProject "CodeScanner" */;
			developmentRegion = en;
			hasScannedForEncodings = 0;
			knownRegions = (
				en,
				Base,
			);
			mainGroup = E098D08C2EA0CE1C00F2830C;
			minimizedProjectReferenceProxies = 1;
			preferredProjectObjectVersion = 77;
			productRefGroup = E098D0962EA0CE1C00F2830C /* Products */;
			projectDirPath = "";
			projectRoot = "";
			targets = (
				E098D0942EA0CE1C00F2830C /* CodeScanner */,
			);
		};
/* End PBXProject section */

/* Begin PBXResourcesBuildPhase section */
		E098D0932EA0CE1C00F2830C /* Resources */ = {
			isa = PBXResourcesBuildPhase;
			buildActionMask = 2147483647;
			files = (
				E098D0B12EA0D04E00F2830C /* Assets.xcassets in Resources */,
				E098D0E72EA0FF3400F2830C /* AppIcon.icon in Resources */,
			);
			runOnlyForDeploymentPostprocessing = 0;
		};
/* End PBXResourcesBuildPhase section */

/* Begin PBXSourcesBuildPhase section */
		E098D0912EA0CE1C00F2830C /* Sources */ = {
			isa = PBXSourcesBuildPhase;
			buildActionMask = 2147483647;
			files = (
				E098D0D22EA0D97200F2830C /* ScanViewModel.swift in Sources */,
				E098D0F32EA131E900F2830C /* OFFError.swift in Sources */,
				E087F2B72EA1886D002F5C8B /* NutriScorePill.swift in Sources */,
				E098D1122EA1550600F2830C /* ProductEntityExtension.swift in Sources */,
				E06C27CA2EA1BFA3002C15F5 /* ScanDetailContentHeader.swift in Sources */,
				E087F2A72EA17958002F5C8B /* ScanDTO.swift in Sources */,
				E098D0CC2EA0D83000F2830C /* ListView.swift in Sources */,
				E098D0E32EA0E10300F2830C /* CameraPreview.swift in Sources */,
				E06C27CC2EA1BFE3002C15F5 /* ScanDetailContentHeaderImageCarousel.swift in Sources */,
				E098D0E92EA11CD600F2830C /* OFFNetworkManager.swift in Sources */,
				E087F2A92EA17D6C002F5C8B /* ScannerResult.swift in Sources */,
				E087F2B92EA18891002F5C8B /* NovaPill.swift in Sources */,
				E087F2B52EA18851002F5C8B /* TypeBadge.swift in Sources */,
				E06C27C22EA1BD5B002C15F5 /* ScanDetailKPI.swift in Sources */,
				E087F2AB2EA18335002F5C8B /* ScanCell.swift in Sources */,
				E06C27C82EA1BF77002C15F5 /* ScanDetailContent.swift in Sources */,
				E098D0FF2EA1350800F2830C /* ScanDetail.swift in Sources */,
				E098D1152EA1553000F2830C /* NutrimentsEntityExtension.swift in Sources */,
				E06C27BA2EA1B6AF002C15F5 /* ScanDetailSkeleton.swift in Sources */,
				E098D0E12EA0E0DF00F2830C /* ScannerViewModel.swift in Sources */,
				E087F2A52EA1793A002F5C8B /* ScanEntityExtension.swift in Sources */,
				E098D0B32EA0D04E00F2830C /* CodeScannerApp.swift in Sources */,
				E06C27C62EA1BDCC002C15F5 /* ScanDetailSimpleTextSection.swift in Sources */,
				E06C27BC2EA1B762002C15F5 /* DoubleExtension.swift in Sources */,
				E098D1102EA14F8400F2830C /* CodeScanner.xcdatamodeld in Sources */,
				E087F2B32EA186D7002F5C8B /* ScanCellIcon.swift in Sources */,
				E098D0EE2EA1309400F2830C /* NutrimentsDTO.swift in Sources */,
				E098D0DC2EA0DEF200F2830C /* ScannerError.swift in Sources */,
				E098D0C02EA0D5B900F2830C /* TabsView.swift in Sources */,
				E098D0E52EA0E11E00F2830C /* ScannerView.swift in Sources */,
				E06C27BE2EA1B780002C15F5 /* ArrayExtension.swift in Sources */,
				E06C27CE2EA1C028002C15F5 /* ScanDetailContentNutrimentsSection.swift in Sources */,
				E06C27B82EA1B59B002C15F5 /* ScanDetailViewModel.swift in Sources */,
				E098D0CE2EA0D84D00F2830C /* ListViewModel.swift in Sources */,
				E06C27C42EA1BD5D002C15F5 /* ScanDetailKPICards.swift in Sources */,
				E06C27D42EA1C106002C15F5 /* ScanDetailContentTaxonomySection.swift in Sources */,
				E06C27D22EA1C0D2002C15F5 /* ScanDetailContentExpandableTextSection.swift in Sources */,
				E087F2AE2EA185F9002F5C8B /* ScanCellSkeleton.swift in Sources */,
				E087F2B12EA1863A002F5C8B /* DateExtension.swift in Sources */,
				E098D0D92EA0DE9E00F2830C /* ScannerController.swift in Sources */,
				E098D0EC2EA1308300F2830C /* OFFProductDTO.swift in Sources */,
				E06C27D02EA1C071002C15F5 /* ScanDetailContentTechnicalSection.swift in Sources */,
				E06C27C02EA1BD0F002C15F5 /* ScanDetailMinimal.swift in Sources */,
				E098D0B52EA0D04E00F2830C /* Persistence.swift in Sources */,
				E098D0D02EA0D96E00F2830C /* ScanView.swift in Sources */,
			);
			runOnlyForDeploymentPostprocessing = 0;
		};
/* End PBXSourcesBuildPhase section */

/* Begin XCBuildConfiguration section */
		E098D0A32EA0CE1F00F2830C /* Debug */ = {
			isa = XCBuildConfiguration;
			buildSettings = {
				ALWAYS_SEARCH_USER_PATHS = NO;
				ASSETCATALOG_COMPILER_GENERATE_SWIFT_ASSET_SYMBOL_EXTENSIONS = YES;
				CLANG_ANALYZER_NONNULL = YES;
				CLANG_ANALYZER_NUMBER_OBJECT_CONVERSION = YES_AGGRESSIVE;
				CLANG_CXX_LANGUAGE_STANDARD = "gnu++20";
				CLANG_ENABLE_MODULES = YES;
				CLANG_ENABLE_OBJC_ARC = YES;
				CLANG_ENABLE_OBJC_WEAK = YES;
				CLANG_WARN_BLOCK_CAPTURE_AUTORELEASING = YES;
				CLANG_WARN_BOOL_CONVERSION = YES;
				CLANG_WARN_COMMA = YES;
				CLANG_WARN_CONSTANT_CONVERSION = YES;
				CLANG_WARN_DEPRECATED_OBJC_IMPLEMENTATIONS = YES;
				CLANG_WARN_DIRECT_OBJC_ISA_USAGE = YES_ERROR;
				CLANG_WARN_DOCUMENTATION_COMMENTS = YES;
				CLANG_WARN_EMPTY_BODY = YES;
				CLANG_WARN_ENUM_CONVERSION = YES;
				CLANG_WARN_INFINITE_RECURSION = YES;
				CLANG_WARN_INT_CONVERSION = YES;
				CLANG_WARN_NON_LITERAL_NULL_CONVERSION = YES;
				CLANG_WARN_OBJC_IMPLICIT_RETAIN_SELF = YES;
				CLANG_WARN_OBJC_LITERAL_CONVERSION = YES;
				CLANG_WARN_OBJC_ROOT_CLASS = YES_ERROR;
				CLANG_WARN_QUOTED_INCLUDE_IN_FRAMEWORK_HEADER = YES;
				CLANG_WARN_RANGE_LOOP_ANALYSIS = YES;
				CLANG_WARN_STRICT_PROTOTYPES = YES;
				CLANG_WARN_SUSPICIOUS_MOVE = YES;
				CLANG_WARN_UNGUARDED_AVAILABILITY = YES_AGGRESSIVE;
				CLANG_WARN_UNREACHABLE_CODE = YES;
				CLANG_WARN__DUPLICATE_METHOD_MATCH = YES;
				COPY_PHASE_STRIP = NO;
				DEBUG_INFORMATION_FORMAT = dwarf;
				DEVELOPMENT_TEAM = VWW7MQ2767;
				ENABLE_STRICT_OBJC_MSGSEND = YES;
				ENABLE_TESTABILITY = YES;
				ENABLE_USER_SCRIPT_SANDBOXING = YES;
				GCC_C_LANGUAGE_STANDARD = gnu17;
				GCC_DYNAMIC_NO_PIC = NO;
				GCC_NO_COMMON_BLOCKS = YES;
				GCC_OPTIMIZATION_LEVEL = 0;
				GCC_PREPROCESSOR_DEFINITIONS = (
					"DEBUG=1",
					"$(inherited)",
				);
				GCC_WARN_64_TO_32_BIT_CONVERSION = YES;
				GCC_WARN_ABOUT_RETURN_TYPE = YES_ERROR;
				GCC_WARN_UNDECLARED_SELECTOR = YES;
				GCC_WARN_UNINITIALIZED_AUTOS = YES_AGGRESSIVE;
				GCC_WARN_UNUSED_FUNCTION = YES;
				GCC_WARN_UNUSED_VARIABLE = YES;
				IPHONEOS_DEPLOYMENT_TARGET = 26.0;
				LOCALIZATION_PREFERS_STRING_CATALOGS = YES;
				MTL_ENABLE_DEBUG_INFO = INCLUDE_SOURCE;
				MTL_FAST_MATH = YES;
				ONLY_ACTIVE_ARCH = YES;
				SDKROOT = iphoneos;
				SWIFT_ACTIVE_COMPILATION_CONDITIONS = "DEBUG $(inherited)";
				SWIFT_OPTIMIZATION_LEVEL = "-Onone";
			};
			name = Debug;
		};
		E098D0A42EA0CE1F00F2830C /* Release */ = {
			isa = XCBuildConfiguration;
			buildSettings = {
				ALWAYS_SEARCH_USER_PATHS = NO;
				ASSETCATALOG_COMPILER_GENERATE_SWIFT_ASSET_SYMBOL_EXTENSIONS = YES;
				CLANG_ANALYZER_NONNULL = YES;
				CLANG_ANALYZER_NUMBER_OBJECT_CONVERSION = YES_AGGRESSIVE;
				CLANG_CXX_LANGUAGE_STANDARD = "gnu++20";
				CLANG_ENABLE_MODULES = YES;
				CLANG_ENABLE_OBJC_ARC = YES;
				CLANG_ENABLE_OBJC_WEAK = YES;
				CLANG_WARN_BLOCK_CAPTURE_AUTORELEASING = YES;
				CLANG_WARN_BOOL_CONVERSION = YES;
				CLANG_WARN_COMMA = YES;
				CLANG_WARN_CONSTANT_CONVERSION = YES;
				CLANG_WARN_DEPRECATED_OBJC_IMPLEMENTATIONS = YES;
				CLANG_WARN_DIRECT_OBJC_ISA_USAGE = YES_ERROR;
				CLANG_WARN_DOCUMENTATION_COMMENTS = YES;
				CLANG_WARN_EMPTY_BODY = YES;
				CLANG_WARN_ENUM_CONVERSION = YES;
				CLANG_WARN_INFINITE_RECURSION = YES;
				CLANG_WARN_INT_CONVERSION = YES;
				CLANG_WARN_NON_LITERAL_NULL_CONVERSION = YES;
				CLANG_WARN_OBJC_IMPLICIT_RETAIN_SELF = YES;
				CLANG_WARN_OBJC_LITERAL_CONVERSION = YES;
				CLANG_WARN_OBJC_ROOT_CLASS = YES_ERROR;
				CLANG_WARN_QUOTED_INCLUDE_IN_FRAMEWORK_HEADER = YES;
				CLANG_WARN_RANGE_LOOP_ANALYSIS = YES;
				CLANG_WARN_STRICT_PROTOTYPES = YES;
				CLANG_WARN_SUSPICIOUS_MOVE = YES;
				CLANG_WARN_UNGUARDED_AVAILABILITY = YES_AGGRESSIVE;
				CLANG_WARN_UNREACHABLE_CODE = YES;
				CLANG_WARN__DUPLICATE_METHOD_MATCH = YES;
				COPY_PHASE_STRIP = NO;
				DEBUG_INFORMATION_FORMAT = "dwarf-with-dsym";
				DEVELOPMENT_TEAM = VWW7MQ2767;
				ENABLE_NS_ASSERTIONS = NO;
				ENABLE_STRICT_OBJC_MSGSEND = YES;
				ENABLE_USER_SCRIPT_SANDBOXING = YES;
				GCC_C_LANGUAGE_STANDARD = gnu17;
				GCC_NO_COMMON_BLOCKS = YES;
				GCC_WARN_64_TO_32_BIT_CONVERSION = YES;
				GCC_WARN_ABOUT_RETURN_TYPE = YES_ERROR;
				GCC_WARN_UNDECLARED_SELECTOR = YES;
				GCC_WARN_UNINITIALIZED_AUTOS = YES_AGGRESSIVE;
				GCC_WARN_UNUSED_FUNCTION = YES;
				GCC_WARN_UNUSED_VARIABLE = YES;
				IPHONEOS_DEPLOYMENT_TARGET = 26.0;
				LOCALIZATION_PREFERS_STRING_CATALOGS = YES;
				MTL_ENABLE_DEBUG_INFO = NO;
				MTL_FAST_MATH = YES;
				SDKROOT = iphoneos;
				SWIFT_COMPILATION_MODE = wholemodule;
				VALIDATE_PRODUCT = YES;
			};
			name = Release;
		};
		E098D0A62EA0CE1F00F2830C /* Debug */ = {
			isa = XCBuildConfiguration;
			buildSettings = {
				ASSETCATALOG_COMPILER_APPICON_NAME = AppIcon;
				ASSETCATALOG_COMPILER_GLOBAL_ACCENT_COLOR_NAME = AccentColor;
				CODE_SIGN_STYLE = Automatic;
				CURRENT_PROJECT_VERSION = 1;
				DEVELOPMENT_TEAM = VWW7MQ2767;
				ENABLE_PREVIEWS = YES;
				GENERATE_INFOPLIST_FILE = YES;
				INFOPLIST_KEY_CFBundleDisplayName = "Code Scanner";
				INFOPLIST_KEY_NSCameraUsageDescription = "Для сканирования QR и штрих-кодов требуется доступ к камере.";
				INFOPLIST_KEY_UIApplicationSceneManifest_Generation = YES;
				INFOPLIST_KEY_UIApplicationSupportsIndirectInputEvents = YES;
				INFOPLIST_KEY_UILaunchScreen_Generation = YES;
				INFOPLIST_KEY_UISupportedInterfaceOrientations_iPad = "UIInterfaceOrientationPortrait UIInterfaceOrientationPortraitUpsideDown UIInterfaceOrientationLandscapeLeft UIInterfaceOrientationLandscapeRight";
				INFOPLIST_KEY_UISupportedInterfaceOrientations_iPhone = "UIInterfaceOrientationPortrait UIInterfaceOrientationLandscapeLeft UIInterfaceOrientationLandscapeRight";
				LD_RUNPATH_SEARCH_PATHS = (
					"$(inherited)",
					"@executable_path/Frameworks",
				);
				MARKETING_VERSION = 1.0;
				PRODUCT_BUNDLE_IDENTIFIER = com.hutr0.CodeScanner;
				PRODUCT_NAME = "$(TARGET_NAME)";
				STRING_CATALOG_GENERATE_SYMBOLS = YES;
				SWIFT_APPROACHABLE_CONCURRENCY = YES;
				SWIFT_DEFAULT_ACTOR_ISOLATION = MainActor;
				SWIFT_EMIT_LOC_STRINGS = YES;
				SWIFT_UPCOMING_FEATURE_MEMBER_IMPORT_VISIBILITY = YES;
				SWIFT_VERSION = 5.0;
				TARGETED_DEVICE_FAMILY = "1,2";
			};
			name = Debug;
		};
		E098D0A72EA0CE1F00F2830C /* Release */ = {
			isa = XCBuildConfiguration;
			buildSettings = {
				ASSETCATALOG_COMPILER_APPICON_NAME = AppIcon;
				ASSETCATALOG_COMPILER_GLOBAL_ACCENT_COLOR_NAME = AccentColor;
				CODE_SIGN_STYLE = Automatic;
				CURRENT_PROJECT_VERSION = 1;
				DEVELOPMENT_TEAM = VWW7MQ2767;
				ENABLE_PREVIEWS = YES;
				GENERATE_INFOPLIST_FILE = YES;
				INFOPLIST_KEY_CFBundleDisplayName = "Code Scanner";
				INFOPLIST_KEY_NSCameraUsageDescription = "Для сканирования QR и штрих-кодов требуется доступ к камере.";
				INFOPLIST_KEY_UIApplicationSceneManifest_Generation = YES;
				INFOPLIST_KEY_UIApplicationSupportsIndirectInputEvents = YES;
				INFOPLIST_KEY_UILaunchScreen_Generation = YES;
				INFOPLIST_KEY_UISupportedInterfaceOrientations_iPad = "UIInterfaceOrientationPortrait UIInterfaceOrientationPortraitUpsideDown UIInterfaceOrientationLandscapeLeft UIInterfaceOrientationLandscapeRight";
				INFOPLIST_KEY_UISupportedInterfaceOrientations_iPhone = "UIInterfaceOrientationPortrait UIInterfaceOrientationLandscapeLeft UIInterfaceOrientationLandscapeRight";
				LD_RUNPATH_SEARCH_PATHS = (
					"$(inherited)",
					"@executable_path/Frameworks",
				);
				MARKETING_VERSION = 1.0;
				PRODUCT_BUNDLE_IDENTIFIER = com.hutr0.CodeScanner;
				PRODUCT_NAME = "$(TARGET_NAME)";
				STRING_CATALOG_GENERATE_SYMBOLS = YES;
				SWIFT_APPROACHABLE_CONCURRENCY = YES;
				SWIFT_DEFAULT_ACTOR_ISOLATION = MainActor;
				SWIFT_EMIT_LOC_STRINGS = YES;
				SWIFT_UPCOMING_FEATURE_MEMBER_IMPORT_VISIBILITY = YES;
				SWIFT_VERSION = 5.0;
				TARGETED_DEVICE_FAMILY = "1,2";
			};
			name = Release;
		};
/* End XCBuildConfiguration section */

/* Begin XCConfigurationList section */
		E098D0902EA0CE1C00F2830C /* Build configuration list for PBXProject "CodeScanner" */ = {
			isa = XCConfigurationList;
			buildConfigurations = (
				E098D0A32EA0CE1F00F2830C /* Debug */,
				E098D0A42EA0CE1F00F2830C /* Release */,
			);
			defaultConfigurationIsVisible = 0;
			defaultConfigurationName = Release;
		};
		E098D0A52EA0CE1F00F2830C /* Build configuration list for PBXNativeTarget "CodeScanner" */ = {
			isa = XCConfigurationList;
			buildConfigurations = (
				E098D0A62EA0CE1F00F2830C /* Debug */,
				E098D0A72EA0CE1F00F2830C /* Release */,
			);
			defaultConfigurationIsVisible = 0;
			defaultConfigurationName = Release;
		};
/* End XCConfigurationList section */

/* Begin XCVersionGroup section */
		E098D10E2EA14F8400F2830C /* CodeScanner.xcdatamodeld */ = {
			isa = XCVersionGroup;
			children = (
				E098D10F2EA14F8400F2830C /* CodeScanner.xcdatamodel */,
			);
			currentVersion = E098D10F2EA14F8400F2830C /* CodeScanner.xcdatamodel */;
			path = CodeScanner.xcdatamodeld;
			sourceTree = "<group>";
			versionGroupType = wrapper.xcdatamodel;
		};
/* End XCVersionGroup section */
	};
	rootObject = E098D08D2EA0CE1C00F2830C /* Project object */;
}
